
Microsoft Visual Studio Solution File, Format Version 12.00
# Visual Studio Version 16
VisualStudioVersion = 16.0.29911.84
MinimumVisualStudioVersion = 10.0.40219.1
Project("{FAE04EC0-301F-11D3-BF4B-00C04F79EFBC}") = "Marathon_Skills2016", "Marathon_Skills2016\Marathon_Skills2016.csproj", "{CC4B6DC2-CA86-4254-B175-27DCD91784E0}"
EndProject
Global
	GlobalSection(SolutionConfigurationPlatforms) = preSolution
		Debug|Any CPU = Debug|Any CPU
		Release|Any CPU = Release|Any CPU
	EndGlobalSection
	GlobalSection(ProjectConfigurationPlatforms) = postSolution
		{CC4B6DC2-CA86-4254-B175-27DCD91784E0}.Debug|Any CPU.ActiveCfg = Debug|Any CPU
		{CC4B6DC2-CA86-4254-B175-27DCD91784E0}.Debug|Any CPU.Build.0 = Debug|Any CPU
		{CC4B6DC2-CA86-4254-B175-27DCD91784E0}.Release|Any CPU.ActiveCfg = Release|Any CPU
		{CC4B6DC2-CA86-4254-B175-27DCD91784E0}.Release|Any CPU.Build.0 = Release|Any CPU
	EndGlobalSection
	GlobalSection(SolutionProperties) = preSolution
		HideSolutionNode = FALSE
	EndGlobalSection
	GlobalSection(ExtensibilityGlobals) = postSolution
		SolutionGuid = {67074128-9B84-4AF3-9F77-3973B64F3942}
	EndGlobalSection
EndGlobal
